Microsoft Visual Studio Solution File, Format Version 8.00
Project("{8BC9CEB8-8B4A-11D0-8D11-00A0C91BC942}") = "winlintest", "vc70\winlintest\winlintest.vcproj", "{F29392C2-EEB1-43AE-9420-75D54A8F287D}"
	ProjectSection(ProjectDependencies) = postProject
		{37F61301-065F-4D5E-B92B-3DB5F320BBFB} = {37F61301-065F-4D5E-B92B-3DB5F320BBFB}
		{47858004-2C4A-4837-A453-DBD2345F150A} = {47858004-2C4A-4837-A453-DBD2345F150A}
		{19189006-2583-4154-8EB4-10E8AA679E1D} = {19189006-2583-4154-8EB4-10E8AA679E1D}
		{37C1C226-A2FF-4056-A1B6-2E10AF4AED0A} = {37C1C226-A2FF-4056-A1B6-2E10AF4AED0A}
		{F9866D36-6B3D-4C73-8D07-4D23BA4B66F3} = {F9866D36-6B3D-4C73-8D07-4D23BA4B66F3}
		{70289D3A-4B4C-40BD-9BB4-E512AE717208} = {70289D3A-4B4C-40BD-9BB4-E512AE717208}
		{6CF3B452-E5B0-4C86-9BDB-447309C45063} = {6CF3B452-E5B0-4C86-9BDB-447309C45063}
		{7FE4045C-6F7D-4606-A64E-B966C33FA5D9} = {7FE4045C-6F7D-4606-A64E-B966C33FA5D9}
		{B2B20962-BC2C-4861-9A96-DA4593E139E7} = {B2B20962-BC2C-4861-9A96-DA4593E139E7}
		{22B51967-3399-4D90-AAEB-B4656B260EF9} = {22B51967-3399-4D90-AAEB-B4656B260EF9}
		{262F6067-0141-4C81-BC49-D2AB835B1D0B} = {262F6067-0141-4C81-BC49-D2AB835B1D0B}
		{3B337868-3499-4DF3-9526-11620A91B904} = {3B337868-3499-4DF3-9526-11620A91B904}
		{CE0B048D-9EB0-49CB-BB6E-1D0779301C51} = {CE0B048D-9EB0-49CB-BB6E-1D0779301C51}
		{DF32B78F-26DF-453B-BCE5-06795D71F736} = {DF32B78F-26DF-453B-BCE5-06795D71F736}
		{4A41FB9E-A616-4F56-9BDA-77F2BD90DD64} = {4A41FB9E-A616-4F56-9BDA-77F2BD90DD64}
		{4E2487B0-4740-4367-8B5E-2102109D4173} = {4E2487B0-4740-4367-8B5E-2102109D4173}
		{F53B16B7-430F-4CDD-85EA-A97B35E1F2A8} = {F53B16B7-430F-4CDD-85EA-A97B35E1F2A8}
		{56C5F6BE-0180-42A9-A3CE-AB9897174138} = {56C5F6BE-0180-42A9-A3CE-AB9897174138}
		{316919DC-4CA7-4BCF-A0C6-60D4A2DE8B16} = {316919DC-4CA7-4BCF-A0C6-60D4A2DE8B16}
		{2845A6DF-D359-40F3-988D-80998D61806B} = {2845A6DF-D359-40F3-988D-80998D61806B}
	EndProjectSection
EndProject
Project("{8BC9CEB8-8B4A-11D0-8D11-00A0C91BC942}") = "aiosock", "vc70\aiosock\aiosock.vcproj", "{F53B16B7-430F-4CDD-85EA-A97B35E1F2A8}"
	ProjectSection(ProjectDependencies) = postProject
	EndProjectSection
EndProject
Project("{8BC9CEB8-8B4A-11D0-8D11-00A0C91BC942}") = "aiogate", "vc70\aiogate\aiogate.vcproj", "{DF32B78F-26DF-453B-BCE5-06795D71F736}"
	ProjectSection(ProjectDependencies) = postProject
		{F53B16B7-430F-4CDD-85EA-A97B35E1F2A8} = {F53B16B7-430F-4CDD-85EA-A97B35E1F2A8}
	EndProjectSection
EndProject
Project("{8BC9CEB8-8B4A-11D0-8D11-00A0C91BC942}") = "aiofile", "vc70\aiofile\aiofile.vcproj", "{6CF3B452-E5B0-4C86-9BDB-447309C45063}"
	ProjectSection(ProjectDependencies) = postProject
	EndProjectSection
EndProject
Project("{8BC9CEB8-8B4A-11D0-8D11-00A0C91BC942}") = "threadpool", "vc70\threadpool\threadpool.vcproj", "{22B51967-3399-4D90-AAEB-B4656B260EF9}"
	ProjectSection(ProjectDependencies) = postProject
	EndProjectSection
EndProject
Project("{8BC9CEB8-8B4A-11D0-8D11-00A0C91BC942}") = "aiocomport", "vc70\aiocomport\aiocomport.vcproj", "{7FE4045C-6F7D-4606-A64E-B966C33FA5D9}"
	ProjectSection(ProjectDependencies) = postProject
	EndProjectSection
EndProject
Project("{8BC9CEB8-8B4A-11D0-8D11-00A0C91BC942}") = "db", "vc70\db\db.vcproj", "{37F61301-065F-4D5E-B92B-3DB5F320BBFB}"
	ProjectSection(ProjectDependencies) = postProject
	EndProjectSection
EndProject
Project("{8BC9CEB8-8B4A-11D0-8D11-00A0C91BC942}") = "base", "vc70\base\base.vcproj", "{B2B20962-BC2C-4861-9A96-DA4593E139E7}"
	ProjectSection(ProjectDependencies) = postProject
	EndProjectSection
EndProject
Project("{8BC9CEB8-8B4A-11D0-8D11-00A0C91BC942}") = "dbodbc", "vc70\dbodbc\dbodbc.vcproj", "{CE0B048D-9EB0-49CB-BB6E-1D0779301C51}"
	ProjectSection(ProjectDependencies) = postProject
	EndProjectSection
EndProject
Project("{8BC9CEB8-8B4A-11D0-8D11-00A0C91BC942}") = "dborcl", "vc70\dborcl\dborcl.vcproj", "{19189006-2583-4154-8EB4-10E8AA679E1D}"
	ProjectSection(ProjectDependencies) = postProject
	EndProjectSection
EndProject
Project("{8BC9CEB8-8B4A-11D0-8D11-00A0C91BC942}") = "dbmysql", "vc70\dbmysql\dbmysql.vcproj", "{3B337868-3499-4DF3-9526-11620A91B904}"
	ProjectSection(ProjectDependencies) = postProject
	EndProjectSection
EndProject
Project("{8BC9CEB8-8B4A-11D0-8D11-00A0C91BC942}") = "xml", "vc70\xml\xml.vcproj", "{37C1C226-A2FF-4056-A1B6-2E10AF4AED0A}"
	ProjectSection(ProjectDependencies) = postProject
	EndProjectSection
EndProject
Project("{8BC9CEB8-8B4A-11D0-8D11-00A0C91BC942}") = "crypt", "vc70\crypt\crypt.vcproj", "{262F6067-0141-4C81-BC49-D2AB835B1D0B}"
	ProjectSection(ProjectDependencies) = postProject
	EndProjectSection
EndProject
Project("{8BC9CEB8-8B4A-11D0-8D11-00A0C91BC942}") = "memdb", "vc70\memdb\memdb.vcproj", "{56C5F6BE-0180-42A9-A3CE-AB9897174138}"
	ProjectSection(ProjectDependencies) = postProject
	EndProjectSection
EndProject
Project("{8BC9CEB8-8B4A-11D0-8D11-00A0C91BC942}") = "aiomsg", "vc70\aiomsg\aiomsg.vcproj", "{F9866D36-6B3D-4C73-8D07-4D23BA4B66F3}"
	ProjectSection(ProjectDependencies) = postProject
	EndProjectSection
EndProject
Project("{8BC9CEB8-8B4A-11D0-8D11-00A0C91BC942}") = "daemon", "vc70\daemon\daemon.vcproj", "{316919DC-4CA7-4BCF-A0C6-60D4A2DE8B16}"
	ProjectSection(ProjectDependencies) = postProject
	EndProjectSection
EndProject
Project("{8BC9CEB8-8B4A-11D0-8D11-00A0C91BC942}") = "tokenizer", "vc70\tokenizer\tokenizer.vcproj", "{4E2487B0-4740-4367-8B5E-2102109D4173}"
	ProjectSection(ProjectDependencies) = postProject
	EndProjectSection
EndProject
Project("{8BC9CEB8-8B4A-11D0-8D11-00A0C91BC942}") = "fuzzy", "vc70\fuzzy\fuzzy.vcproj", "{4A41FB9E-A616-4F56-9BDA-77F2BD90DD64}"
	ProjectSection(ProjectDependencies) = postProject
	EndProjectSection
EndProject
Project("{8BC9CEB8-8B4A-11D0-8D11-00A0C91BC942}") = "smart", "vc70\smart\smart.vcproj", "{47858004-2C4A-4837-A453-DBD2345F150A}"
	ProjectSection(ProjectDependencies) = postProject
	EndProjectSection
EndProject
Project("{8BC9CEB8-8B4A-11D0-8D11-00A0C91BC942}") = "cache", "vc70\cache\cache.vcproj", "{4386EC82-8309-439A-8594-E0A288CA2990}"
	ProjectSection(ProjectDependencies) = postProject
		{37F61301-065F-4D5E-B92B-3DB5F320BBFB} = {37F61301-065F-4D5E-B92B-3DB5F320BBFB}
		{47858004-2C4A-4837-A453-DBD2345F150A} = {47858004-2C4A-4837-A453-DBD2345F150A}
		{19189006-2583-4154-8EB4-10E8AA679E1D} = {19189006-2583-4154-8EB4-10E8AA679E1D}
		{37C1C226-A2FF-4056-A1B6-2E10AF4AED0A} = {37C1C226-A2FF-4056-A1B6-2E10AF4AED0A}
		{F9866D36-6B3D-4C73-8D07-4D23BA4B66F3} = {F9866D36-6B3D-4C73-8D07-4D23BA4B66F3}
		{70289D3A-4B4C-40BD-9BB4-E512AE717208} = {70289D3A-4B4C-40BD-9BB4-E512AE717208}
		{6CF3B452-E5B0-4C86-9BDB-447309C45063} = {6CF3B452-E5B0-4C86-9BDB-447309C45063}
		{7FE4045C-6F7D-4606-A64E-B966C33FA5D9} = {7FE4045C-6F7D-4606-A64E-B966C33FA5D9}
		{B2B20962-BC2C-4861-9A96-DA4593E139E7} = {B2B20962-BC2C-4861-9A96-DA4593E139E7}
		{22B51967-3399-4D90-AAEB-B4656B260EF9} = {22B51967-3399-4D90-AAEB-B4656B260EF9}
		{262F6067-0141-4C81-BC49-D2AB835B1D0B} = {262F6067-0141-4C81-BC49-D2AB835B1D0B}
		{3B337868-3499-4DF3-9526-11620A91B904} = {3B337868-3499-4DF3-9526-11620A91B904}
		{CE0B048D-9EB0-49CB-BB6E-1D0779301C51} = {CE0B048D-9EB0-49CB-BB6E-1D0779301C51}
		{DF32B78F-26DF-453B-BCE5-06795D71F736} = {DF32B78F-26DF-453B-BCE5-06795D71F736}
		{4A41FB9E-A616-4F56-9BDA-77F2BD90DD64} = {4A41FB9E-A616-4F56-9BDA-77F2BD90DD64}
		{4E2487B0-4740-4367-8B5E-2102109D4173} = {4E2487B0-4740-4367-8B5E-2102109D4173}
		{F53B16B7-430F-4CDD-85EA-A97B35E1F2A8} = {F53B16B7-430F-4CDD-85EA-A97B35E1F2A8}
		{56C5F6BE-0180-42A9-A3CE-AB9897174138} = {56C5F6BE-0180-42A9-A3CE-AB9897174138}
		{316919DC-4CA7-4BCF-A0C6-60D4A2DE8B16} = {316919DC-4CA7-4BCF-A0C6-60D4A2DE8B16}
		{2845A6DF-D359-40F3-988D-80998D61806B} = {2845A6DF-D359-40F3-988D-80998D61806B}
	EndProjectSection
EndProject
Project("{8BC9CEB8-8B4A-11D0-8D11-00A0C91BC942}") = "alg", "vc70\alg\alg.vcproj", "{70289D3A-4B4C-40BD-9BB4-E512AE717208}"
	ProjectSection(ProjectDependencies) = postProject
	EndProjectSection
EndProject
Project("{8BC9CEB8-8B4A-11D0-8D11-00A0C91BC942}") = "pcre", "vc70\pcre\pcre.vcproj", "{2845A6DF-D359-40F3-988D-80998D61806B}"
	ProjectSection(ProjectDependencies) = postProject
	EndProjectSection
EndProject
Project("{8BC9CEB8-8B4A-11D0-8D11-00A0C91BC942}") = "tools", "vc70\tools\tools.vcproj", "{4E5F61EC-05E6-4223-B2DC-1070C3DF8354}"
	ProjectSection(ProjectDependencies) = postProject
	EndProjectSection
EndProject
Project("{8BC9CEB8-8B4A-11D0-8D11-00A0C91BC942}") = "httpmodule", "vc70\httpmodule\httpmodule.vcproj", "{7162C94F-6042-4D14-AA79-2E43F582FAFC}"
	ProjectSection(ProjectDependencies) = postProject
	EndProjectSection
EndProject
Global
	GlobalSection(SolutionConfiguration) = preSolution
		Debug = Debug
		Debug Apache = Debug Apache
		Debug DLL = Debug DLL
		Debug Exe = Debug Exe
		Debug Isapi = Debug Isapi
		Release = Release
		Release Apache = Release Apache
		Release DLL = Release DLL
		Release Exe = Release Exe
		Release Isapi = Release Isapi
	EndGlobalSection
	GlobalSection(ProjectDependencies) = postSolution
	EndGlobalSection
	GlobalSection(ProjectConfiguration) = postSolution
		{F29392C2-EEB1-43AE-9420-75D54A8F287D}.Debug.ActiveCfg = Debug|Win32
		{F29392C2-EEB1-43AE-9420-75D54A8F287D}.Debug.Build.0 = Debug|Win32
		{F29392C2-EEB1-43AE-9420-75D54A8F287D}.Debug Apache.ActiveCfg = Debug DLL|Win32
		{F29392C2-EEB1-43AE-9420-75D54A8F287D}.Debug Apache.Build.0 = Debug DLL|Win32
		{F29392C2-EEB1-43AE-9420-75D54A8F287D}.Debug DLL.ActiveCfg = Debug DLL|Win32
		{F29392C2-EEB1-43AE-9420-75D54A8F287D}.Debug DLL.Build.0 = Debug DLL|Win32
		{F29392C2-EEB1-43AE-9420-75D54A8F287D}.Debug Exe.ActiveCfg = Debug|Win32
		{F29392C2-EEB1-43AE-9420-75D54A8F287D}.Debug Exe.Build.0 = Debug|Win32
		{F29392C2-EEB1-43AE-9420-75D54A8F287D}.Debug Isapi.ActiveCfg = Debug DLL|Win32
		{F29392C2-EEB1-43AE-9420-75D54A8F287D}.Debug Isapi.Build.0 = Debug DLL|Win32
		{F29392C2-EEB1-43AE-9420-75D54A8F287D}.Release.ActiveCfg = Release|Win32
		{F29392C2-EEB1-43AE-9420-75D54A8F287D}.Release.Build.0 = Release|Win32
		{F29392C2-EEB1-43AE-9420-75D54A8F287D}.Release Apache.ActiveCfg = Release DLL|Win32
		{F29392C2-EEB1-43AE-9420-75D54A8F287D}.Release Apache.Build.0 = Release DLL|Win32
		{F29392C2-EEB1-43AE-9420-75D54A8F287D}.Release DLL.ActiveCfg = Release DLL|Win32
		{F29392C2-EEB1-43AE-9420-75D54A8F287D}.Release DLL.Build.0 = Release DLL|Win32
		{F29392C2-EEB1-43AE-9420-75D54A8F287D}.Release Exe.ActiveCfg = Release DLL|Win32
		{F29392C2-EEB1-43AE-9420-75D54A8F287D}.Release Exe.Build.0 = Release DLL|Win32
		{F29392C2-EEB1-43AE-9420-75D54A8F287D}.Release Isapi.ActiveCfg = Release DLL|Win32
		{F29392C2-EEB1-43AE-9420-75D54A8F287D}.Release Isapi.Build.0 = Release DLL|Win32
		{F53B16B7-430F-4CDD-85EA-A97B35E1F2A8}.Debug.ActiveCfg = Debug|Win32
		{F53B16B7-430F-4CDD-85EA-A97B35E1F2A8}.Debug.Build.0 = Debug|Win32
		{F53B16B7-430F-4CDD-85EA-A97B35E1F2A8}.Debug Apache.ActiveCfg = Debug DLL|Win32
		{F53B16B7-430F-4CDD-85EA-A97B35E1F2A8}.Debug Apache.Build.0 = Debug DLL|Win32
		{F53B16B7-430F-4CDD-85EA-A97B35E1F2A8}.Debug DLL.ActiveCfg = Debug DLL|Win32
		{F53B16B7-430F-4CDD-85EA-A97B35E1F2A8}.Debug DLL.Build.0 = Debug DLL|Win32
		{F53B16B7-430F-4CDD-85EA-A97B35E1F2A8}.Debug Exe.ActiveCfg = Debug|Win32
		{F53B16B7-430F-4CDD-85EA-A97B35E1F2A8}.Debug Exe.Build.0 = Debug|Win32
		{F53B16B7-430F-4CDD-85EA-A97B35E1F2A8}.Debug Isapi.ActiveCfg = Debug DLL|Win32
		{F53B16B7-430F-4CDD-85EA-A97B35E1F2A8}.Debug Isapi.Build.0 = Debug DLL|Win32
		{F53B16B7-430F-4CDD-85EA-A97B35E1F2A8}.Release.ActiveCfg = Release|Win32
		{F53B16B7-430F-4CDD-85EA-A97B35E1F2A8}.Release.Build.0 = Release|Win32
		{F53B16B7-430F-4CDD-85EA-A97B35E1F2A8}.Release Apache.ActiveCfg = Release DLL|Win32
		{F53B16B7-430F-4CDD-85EA-A97B35E1F2A8}.Release Apache.Build.0 = Release DLL|Win32
		{F53B16B7-430F-4CDD-85EA-A97B35E1F2A8}.Release DLL.ActiveCfg = Release DLL|Win32
		{F53B16B7-430F-4CDD-85EA-A97B35E1F2A8}.Release DLL.Build.0 = Release DLL|Win32
		{F53B16B7-430F-4CDD-85EA-A97B35E1F2A8}.Release Exe.ActiveCfg = Release DLL|Win32
		{F53B16B7-430F-4CDD-85EA-A97B35E1F2A8}.Release Exe.Build.0 = Release DLL|Win32
		{F53B16B7-430F-4CDD-85EA-A97B35E1F2A8}.Release Isapi.ActiveCfg = Release DLL|Win32
		{F53B16B7-430F-4CDD-85EA-A97B35E1F2A8}.Release Isapi.Build.0 = Release DLL|Win32
		{DF32B78F-26DF-453B-BCE5-06795D71F736}.Debug.ActiveCfg = Debug|Win32
		{DF32B78F-26DF-453B-BCE5-06795D71F736}.Debug.Build.0 = Debug|Win32
		{DF32B78F-26DF-453B-BCE5-06795D71F736}.Debug Apache.ActiveCfg = Debug DLL|Win32
		{DF32B78F-26DF-453B-BCE5-06795D71F736}.Debug Apache.Build.0 = Debug DLL|Win32
		{DF32B78F-26DF-453B-BCE5-06795D71F736}.Debug DLL.ActiveCfg = Debug DLL|Win32
		{DF32B78F-26DF-453B-BCE5-06795D71F736}.Debug DLL.Build.0 = Debug DLL|Win32
		{DF32B78F-26DF-453B-BCE5-06795D71F736}.Debug Exe.ActiveCfg = Debug|Win32
		{DF32B78F-26DF-453B-BCE5-06795D71F736}.Debug Exe.Build.0 = Debug|Win32
		{DF32B78F-26DF-453B-BCE5-06795D71F736}.Debug Isapi.ActiveCfg = Debug DLL|Win32
		{DF32B78F-26DF-453B-BCE5-06795D71F736}.Debug Isapi.Build.0 = Debug DLL|Win32
		{DF32B78F-26DF-453B-BCE5-06795D71F736}.Release.ActiveCfg = Release|Win32
		{DF32B78F-26DF-453B-BCE5-06795D71F736}.Release.Build.0 = Release|Win32
		{DF32B78F-26DF-453B-BCE5-06795D71F736}.Release Apache.ActiveCfg = Release DLL|Win32
		{DF32B78F-26DF-453B-BCE5-06795D71F736}.Release Apache.Build.0 = Release DLL|Win32
		{DF32B78F-26DF-453B-BCE5-06795D71F736}.Release DLL.ActiveCfg = Release DLL|Win32
		{DF32B78F-26DF-453B-BCE5-06795D71F736}.Release DLL.Build.0 = Release DLL|Win32
		{DF32B78F-26DF-453B-BCE5-06795D71F736}.Release Exe.ActiveCfg = Release DLL|Win32
		{DF32B78F-26DF-453B-BCE5-06795D71F736}.Release Exe.Build.0 = Release DLL|Win32
		{DF32B78F-26DF-453B-BCE5-06795D71F736}.Release Isapi.ActiveCfg = Release DLL|Win32
		{DF32B78F-26DF-453B-BCE5-06795D71F736}.Release Isapi.Build.0 = Release DLL|Win32
		{6CF3B452-E5B0-4C86-9BDB-447309C45063}.Debug.ActiveCfg = Debug|Win32
		{6CF3B452-E5B0-4C86-9BDB-447309C45063}.Debug.Build.0 = Debug|Win32
		{6CF3B452-E5B0-4C86-9BDB-447309C45063}.Debug Apache.ActiveCfg = Debug DLL|Win32
		{6CF3B452-E5B0-4C86-9BDB-447309C45063}.Debug Apache.Build.0 = Debug DLL|Win32
		{6CF3B452-E5B0-4C86-9BDB-447309C45063}.Debug DLL.ActiveCfg = Debug DLL|Win32
		{6CF3B452-E5B0-4C86-9BDB-447309C45063}.Debug DLL.Build.0 = Debug DLL|Win32
		{6CF3B452-E5B0-4C86-9BDB-447309C45063}.Debug Exe.ActiveCfg = Debug|Win32
		{6CF3B452-E5B0-4C86-9BDB-447309C45063}.Debug Exe.Build.0 = Debug|Win32
		{6CF3B452-E5B0-4C86-9BDB-447309C45063}.Debug Isapi.ActiveCfg = Debug DLL|Win32
		{6CF3B452-E5B0-4C86-9BDB-447309C45063}.Debug Isapi.Build.0 = Debug DLL|Win32
		{6CF3B452-E5B0-4C86-9BDB-447309C45063}.Release.ActiveCfg = Release|Win32
		{6CF3B452-E5B0-4C86-9BDB-447309C45063}.Release.Build.0 = Release|Win32
		{6CF3B452-E5B0-4C86-9BDB-447309C45063}.Release Apache.ActiveCfg = Release DLL|Win32
		{6CF3B452-E5B0-4C86-9BDB-447309C45063}.Release Apache.Build.0 = Release DLL|Win32
		{6CF3B452-E5B0-4C86-9BDB-447309C45063}.Release DLL.ActiveCfg = Release DLL|Win32
		{6CF3B452-E5B0-4C86-9BDB-447309C45063}.Release DLL.Build.0 = Release DLL|Win32
		{6CF3B452-E5B0-4C86-9BDB-447309C45063}.Release Exe.ActiveCfg = Release DLL|Win32
		{6CF3B452-E5B0-4C86-9BDB-447309C45063}.Release Exe.Build.0 = Release DLL|Win32
		{6CF3B452-E5B0-4C86-9BDB-447309C45063}.Release Isapi.ActiveCfg = Release DLL|Win32
		{6CF3B452-E5B0-4C86-9BDB-447309C45063}.Release Isapi.Build.0 = Release DLL|Win32
		{22B51967-3399-4D90-AAEB-B4656B260EF9}.Debug.ActiveCfg = Debug|Win32
		{22B51967-3399-4D90-AAEB-B4656B260EF9}.Debug.Build.0 = Debug|Win32
		{22B51967-3399-4D90-AAEB-B4656B260EF9}.Debug Apache.ActiveCfg = Debug DLL|Win32
		{22B51967-3399-4D90-AAEB-B4656B260EF9}.Debug Apache.Build.0 = Debug DLL|Win32
		{22B51967-3399-4D90-AAEB-B4656B260EF9}.Debug DLL.ActiveCfg = Debug DLL|Win32
		{22B51967-3399-4D90-AAEB-B4656B260EF9}.Debug DLL.Build.0 = Debug DLL|Win32
		{22B51967-3399-4D90-AAEB-B4656B260EF9}.Debug Exe.ActiveCfg = Debug|Win32
		{22B51967-3399-4D90-AAEB-B4656B260EF9}.Debug Exe.Build.0 = Debug|Win32
		{22B51967-3399-4D90-AAEB-B4656B260EF9}.Debug Isapi.ActiveCfg = Debug DLL|Win32
		{22B51967-3399-4D90-AAEB-B4656B260EF9}.Debug Isapi.Build.0 = Debug DLL|Win32
		{22B51967-3399-4D90-AAEB-B4656B260EF9}.Release.ActiveCfg = Release|Win32
		{22B51967-3399-4D90-AAEB-B4656B260EF9}.Release.Build.0 = Release|Win32
		{22B51967-3399-4D90-AAEB-B4656B260EF9}.Release Apache.ActiveCfg = Release DLL|Win32
		{22B51967-3399-4D90-AAEB-B4656B260EF9}.Release Apache.Build.0 = Release DLL|Win32
		{22B51967-3399-4D90-AAEB-B4656B260EF9}.Release DLL.ActiveCfg = Release DLL|Win32
		{22B51967-3399-4D90-AAEB-B4656B260EF9}.Release DLL.Build.0 = Release DLL|Win32
		{22B51967-3399-4D90-AAEB-B4656B260EF9}.Release Exe.ActiveCfg = Release DLL|Win32
		{22B51967-3399-4D90-AAEB-B4656B260EF9}.Release Exe.Build.0 = Release DLL|Win32
		{22B51967-3399-4D90-AAEB-B4656B260EF9}.Release Isapi.ActiveCfg = Release DLL|Win32
		{22B51967-3399-4D90-AAEB-B4656B260EF9}.Release Isapi.Build.0 = Release DLL|Win32
		{7FE4045C-6F7D-4606-A64E-B966C33FA5D9}.Debug.ActiveCfg = Debug|Win32
		{7FE4045C-6F7D-4606-A64E-B966C33FA5D9}.Debug.Build.0 = Debug|Win32
		{7FE4045C-6F7D-4606-A64E-B966C33FA5D9}.Debug Apache.ActiveCfg = Debug DLL|Win32
		{7FE4045C-6F7D-4606-A64E-B966C33FA5D9}.Debug Apache.Build.0 = Debug DLL|Win32
		{7FE4045C-6F7D-4606-A64E-B966C33FA5D9}.Debug DLL.ActiveCfg = Debug DLL|Win32
		{7FE4045C-6F7D-4606-A64E-B966C33FA5D9}.Debug DLL.Build.0 = Debug DLL|Win32
		{7FE4045C-6F7D-4606-A64E-B966C33FA5D9}.Debug Exe.ActiveCfg = Debug|Win32
		{7FE4045C-6F7D-4606-A64E-B966C33FA5D9}.Debug Exe.Build.0 = Debug|Win32
		{7FE4045C-6F7D-4606-A64E-B966C33FA5D9}.Debug Isapi.ActiveCfg = Debug DLL|Win32
		{7FE4045C-6F7D-4606-A64E-B966C33FA5D9}.Debug Isapi.Build.0 = Debug DLL|Win32
		{7FE4045C-6F7D-4606-A64E-B966C33FA5D9}.Release.ActiveCfg = Release|Win32
		{7FE4045C-6F7D-4606-A64E-B966C33FA5D9}.Release.Build.0 = Release|Win32
		{7FE4045C-6F7D-4606-A64E-B966C33FA5D9}.Release Apache.ActiveCfg = Release DLL|Win32
		{7FE4045C-6F7D-4606-A64E-B966C33FA5D9}.Release Apache.Build.0 = Release DLL|Win32
		{7FE4045C-6F7D-4606-A64E-B966C33FA5D9}.Release DLL.ActiveCfg = Release DLL|Win32
		{7FE4045C-6F7D-4606-A64E-B966C33FA5D9}.Release DLL.Build.0 = Release DLL|Win32
		{7FE4045C-6F7D-4606-A64E-B966C33FA5D9}.Release Exe.ActiveCfg = Release DLL|Win32
		{7FE4045C-6F7D-4606-A64E-B966C33FA5D9}.Release Exe.Build.0 = Release DLL|Win32
		{7FE4045C-6F7D-4606-A64E-B966C33FA5D9}.Release Isapi.ActiveCfg = Release DLL|Win32
		{7FE4045C-6F7D-4606-A64E-B966C33FA5D9}.Release Isapi.Build.0 = Release DLL|Win32
		{37F61301-065F-4D5E-B92B-3DB5F320BBFB}.Debug.ActiveCfg = Debug|Win32
		{37F61301-065F-4D5E-B92B-3DB5F320BBFB}.Debug.Build.0 = Debug|Win32
		{37F61301-065F-4D5E-B92B-3DB5F320BBFB}.Debug Apache.ActiveCfg = Debug DLL|Win32
		{37F61301-065F-4D5E-B92B-3DB5F320BBFB}.Debug Apache.Build.0 = Debug DLL|Win32
		{37F61301-065F-4D5E-B92B-3DB5F320BBFB}.Debug DLL.ActiveCfg = Debug DLL|Win32
		{37F61301-065F-4D5E-B92B-3DB5F320BBFB}.Debug DLL.Build.0 = Debug DLL|Win32
		{37F61301-065F-4D5E-B92B-3DB5F320BBFB}.Debug Exe.ActiveCfg = Debug|Win32
		{37F61301-065F-4D5E-B92B-3DB5F320BBFB}.Debug Exe.Build.0 = Debug|Win32
		{37F61301-065F-4D5E-B92B-3DB5F320BBFB}.Debug Isapi.ActiveCfg = Debug DLL|Win32
		{37F61301-065F-4D5E-B92B-3DB5F320BBFB}.Debug Isapi.Build.0 = Debug DLL|Win32
		{37F61301-065F-4D5E-B92B-3DB5F320BBFB}.Release.ActiveCfg = Release|Win32
		{37F61301-065F-4D5E-B92B-3DB5F320BBFB}.Release.Build.0 = Release|Win32
		{37F61301-065F-4D5E-B92B-3DB5F320BBFB}.Release Apache.ActiveCfg = Release DLL|Win32
		{37F61301-065F-4D5E-B92B-3DB5F320BBFB}.Release Apache.Build.0 = Release DLL|Win32
		{37F61301-065F-4D5E-B92B-3DB5F320BBFB}.Release DLL.ActiveCfg = Release DLL|Win32
		{37F61301-065F-4D5E-B92B-3DB5F320BBFB}.Release DLL.Build.0 = Release DLL|Win32
		{37F61301-065F-4D5E-B92B-3DB5F320BBFB}.Release Exe.ActiveCfg = Release DLL|Win32
		{37F61301-065F-4D5E-B92B-3DB5F320BBFB}.Release Exe.Build.0 = Release DLL|Win32
		{37F61301-065F-4D5E-B92B-3DB5F320BBFB}.Release Isapi.ActiveCfg = Release DLL|Win32
		{37F61301-065F-4D5E-B92B-3DB5F320BBFB}.Release Isapi.Build.0 = Release DLL|Win32
		{B2B20962-BC2C-4861-9A96-DA4593E139E7}.Debug.ActiveCfg = Debug|Win32
		{B2B20962-BC2C-4861-9A96-DA4593E139E7}.Debug.Build.0 = Debug|Win32
		{B2B20962-BC2C-4861-9A96-DA4593E139E7}.Debug Apache.ActiveCfg = Debug DLL|Win32
		{B2B20962-BC2C-4861-9A96-DA4593E139E7}.Debug Apache.Build.0 = Debug DLL|Win32
		{B2B20962-BC2C-4861-9A96-DA4593E139E7}.Debug DLL.ActiveCfg = Debug DLL|Win32
		{B2B20962-BC2C-4861-9A96-DA4593E139E7}.Debug DLL.Build.0 = Debug DLL|Win32
		{B2B20962-BC2C-4861-9A96-DA4593E139E7}.Debug Exe.ActiveCfg = Debug|Win32
		{B2B20962-BC2C-4861-9A96-DA4593E139E7}.Debug Exe.Build.0 = Debug|Win32
		{B2B20962-BC2C-4861-9A96-DA4593E139E7}.Debug Isapi.ActiveCfg = Debug DLL|Win32
		{B2B20962-BC2C-4861-9A96-DA4593E139E7}.Debug Isapi.Build.0 = Debug DLL|Win32
		{B2B20962-BC2C-4861-9A96-DA4593E139E7}.Release.ActiveCfg = Release|Win32
		{B2B20962-BC2C-4861-9A96-DA4593E139E7}.Release.Build.0 = Release|Win32
		{B2B20962-BC2C-4861-9A96-DA4593E139E7}.Release Apache.ActiveCfg = Release DLL|Win32
		{B2B20962-BC2C-4861-9A96-DA4593E139E7}.Release Apache.Build.0 = Release DLL|Win32
		{B2B20962-BC2C-4861-9A96-DA4593E139E7}.Release DLL.ActiveCfg = Release DLL|Win32
		{B2B20962-BC2C-4861-9A96-DA4593E139E7}.Release DLL.Build.0 = Release DLL|Win32
		{B2B20962-BC2C-4861-9A96-DA4593E139E7}.Release Exe.ActiveCfg = Release DLL|Win32
		{B2B20962-BC2C-4861-9A96-DA4593E139E7}.Release Exe.Build.0 = Release DLL|Win32
		{B2B20962-BC2C-4861-9A96-DA4593E139E7}.Release Isapi.ActiveCfg = Release DLL|Win32
		{B2B20962-BC2C-4861-9A96-DA4593E139E7}.Release Isapi.Build.0 = Release DLL|Win32
		{CE0B048D-9EB0-49CB-BB6E-1D0779301C51}.Debug.ActiveCfg = Debug|Win32
		{CE0B048D-9EB0-49CB-BB6E-1D0779301C51}.Debug.Build.0 = Debug|Win32
		{CE0B048D-9EB0-49CB-BB6E-1D0779301C51}.Debug Apache.ActiveCfg = Debug DLL|Win32
		{CE0B048D-9EB0-49CB-BB6E-1D0779301C51}.Debug Apache.Build.0 = Debug DLL|Win32
		{CE0B048D-9EB0-49CB-BB6E-1D0779301C51}.Debug DLL.ActiveCfg = Debug DLL|Win32
		{CE0B048D-9EB0-49CB-BB6E-1D0779301C51}.Debug DLL.Build.0 = Debug DLL|Win32
		{CE0B048D-9EB0-49CB-BB6E-1D0779301C51}.Debug Exe.ActiveCfg = Debug|Win32
		{CE0B048D-9EB0-49CB-BB6E-1D0779301C51}.Debug Exe.Build.0 = Debug|Win32
		{CE0B048D-9EB0-49CB-BB6E-1D0779301C51}.Debug Isapi.ActiveCfg = Debug DLL|Win32
		{CE0B048D-9EB0-49CB-BB6E-1D0779301C51}.Debug Isapi.Build.0 = Debug DLL|Win32
		{CE0B048D-9EB0-49CB-BB6E-1D0779301C51}.Release.ActiveCfg = Release|Win32
		{CE0B048D-9EB0-49CB-BB6E-1D0779301C51}.Release.Build.0 = Release|Win32
		{CE0B048D-9EB0-49CB-BB6E-1D0779301C51}.Release Apache.ActiveCfg = Release DLL|Win32
		{CE0B048D-9EB0-49CB-BB6E-1D0779301C51}.Release Apache.Build.0 = Release DLL|Win32
		{CE0B048D-9EB0-49CB-BB6E-1D0779301C51}.Release DLL.ActiveCfg = Release DLL|Win32
		{CE0B048D-9EB0-49CB-BB6E-1D0779301C51}.Release DLL.Build.0 = Release DLL|Win32
		{CE0B048D-9EB0-49CB-BB6E-1D0779301C51}.Release Exe.ActiveCfg = Release DLL|Win32
		{CE0B048D-9EB0-49CB-BB6E-1D0779301C51}.Release Exe.Build.0 = Release DLL|Win32
		{CE0B048D-9EB0-49CB-BB6E-1D0779301C51}.Release Isapi.ActiveCfg = Release DLL|Win32
		{CE0B048D-9EB0-49CB-BB6E-1D0779301C51}.Release Isapi.Build.0 = Release DLL|Win32
		{19189006-2583-4154-8EB4-10E8AA679E1D}.Debug.ActiveCfg = Debug|Win32
		{19189006-2583-4154-8EB4-10E8AA679E1D}.Debug.Build.0 = Debug|Win32
		{19189006-2583-4154-8EB4-10E8AA679E1D}.Debug Apache.ActiveCfg = Debug DLL|Win32
		{19189006-2583-4154-8EB4-10E8AA679E1D}.Debug Apache.Build.0 = Debug DLL|Win32
		{19189006-2583-4154-8EB4-10E8AA679E1D}.Debug DLL.ActiveCfg = Debug DLL|Win32
		{19189006-2583-4154-8EB4-10E8AA679E1D}.Debug DLL.Build.0 = Debug DLL|Win32
		{19189006-2583-4154-8EB4-10E8AA679E1D}.Debug Exe.ActiveCfg = Debug|Win32
		{19189006-2583-4154-8EB4-10E8AA679E1D}.Debug Exe.Build.0 = Debug|Win32
		{19189006-2583-4154-8EB4-10E8AA679E1D}.Debug Isapi.ActiveCfg = Debug DLL|Win32
		{19189006-2583-4154-8EB4-10E8AA679E1D}.Debug Isapi.Build.0 = Debug DLL|Win32
		{19189006-2583-4154-8EB4-10E8AA679E1D}.Release.ActiveCfg = Release|Win32
		{19189006-2583-4154-8EB4-10E8AA679E1D}.Release.Build.0 = Release|Win32
		{19189006-2583-4154-8EB4-10E8AA679E1D}.Release Apache.ActiveCfg = Release DLL|Win32
		{19189006-2583-4154-8EB4-10E8AA679E1D}.Release Apache.Build.0 = Release DLL|Win32
		{19189006-2583-4154-8EB4-10E8AA679E1D}.Release DLL.ActiveCfg = Release DLL|Win32
		{19189006-2583-4154-8EB4-10E8AA679E1D}.Release DLL.Build.0 = Release DLL|Win32
		{19189006-2583-4154-8EB4-10E8AA679E1D}.Release Exe.ActiveCfg = Release DLL|Win32
		{19189006-2583-4154-8EB4-10E8AA679E1D}.Release Exe.Build.0 = Release DLL|Win32
		{19189006-2583-4154-8EB4-10E8AA679E1D}.Release Isapi.ActiveCfg = Release DLL|Win32
		{19189006-2583-4154-8EB4-10E8AA679E1D}.Release Isapi.Build.0 = Release DLL|Win32
		{3B337868-3499-4DF3-9526-11620A91B904}.Debug.ActiveCfg = Debug|Win32
		{3B337868-3499-4DF3-9526-11620A91B904}.Debug.Build.0 = Debug|Win32
		{3B337868-3499-4DF3-9526-11620A91B904}.Debug Apache.ActiveCfg = Debug DLL|Win32
		{3B337868-3499-4DF3-9526-11620A91B904}.Debug Apache.Build.0 = Debug DLL|Win32
		{3B337868-3499-4DF3-9526-11620A91B904}.Debug DLL.ActiveCfg = Debug DLL|Win32
		{3B337868-3499-4DF3-9526-11620A91B904}.Debug DLL.Build.0 = Debug DLL|Win32
		{3B337868-3499-4DF3-9526-11620A91B904}.Debug Exe.ActiveCfg = Debug|Win32
		{3B337868-3499-4DF3-9526-11620A91B904}.Debug Exe.Build.0 = Debug|Win32
		{3B337868-3499-4DF3-9526-11620A91B904}.Debug Isapi.ActiveCfg = Debug DLL|Win32
		{3B337868-3499-4DF3-9526-11620A91B904}.Debug Isapi.Build.0 = Debug DLL|Win32
		{3B337868-3499-4DF3-9526-11620A91B904}.Release.ActiveCfg = Release|Win32
		{3B337868-3499-4DF3-9526-11620A91B904}.Release.Build.0 = Release|Win32
		{3B337868-3499-4DF3-9526-11620A91B904}.Release Apache.ActiveCfg = Release DLL|Win32
		{3B337868-3499-4DF3-9526-11620A91B904}.Release Apache.Build.0 = Release DLL|Win32
		{3B337868-3499-4DF3-9526-11620A91B904}.Release DLL.ActiveCfg = Release DLL|Win32
		{3B337868-3499-4DF3-9526-11620A91B904}.Release DLL.Build.0 = Release DLL|Win32
		{3B337868-3499-4DF3-9526-11620A91B904}.Release Exe.ActiveCfg = Release DLL|Win32
		{3B337868-3499-4DF3-9526-11620A91B904}.Release Exe.Build.0 = Release DLL|Win32
		{3B337868-3499-4DF3-9526-11620A91B904}.Release Isapi.ActiveCfg = Release DLL|Win32
		{3B337868-3499-4DF3-9526-11620A91B904}.Release Isapi.Build.0 = Release DLL|Win32
		{37C1C226-A2FF-4056-A1B6-2E10AF4AED0A}.Debug.ActiveCfg = Debug|Win32
		{37C1C226-A2FF-4056-A1B6-2E10AF4AED0A}.Debug.Build.0 = Debug|Win32
		{37C1C226-A2FF-4056-A1B6-2E10AF4AED0A}.Debug Apache.ActiveCfg = Debug DLL|Win32
		{37C1C226-A2FF-4056-A1B6-2E10AF4AED0A}.Debug Apache.Build.0 = Debug DLL|Win32
		{37C1C226-A2FF-4056-A1B6-2E10AF4AED0A}.Debug DLL.ActiveCfg = Debug DLL|Win32
		{37C1C226-A2FF-4056-A1B6-2E10AF4AED0A}.Debug DLL.Build.0 = Debug DLL|Win32
		{37C1C226-A2FF-4056-A1B6-2E10AF4AED0A}.Debug Exe.ActiveCfg = Debug|Win32
		{37C1C226-A2FF-4056-A1B6-2E10AF4AED0A}.Debug Exe.Build.0 = Debug|Win32
		{37C1C226-A2FF-4056-A1B6-2E10AF4AED0A}.Debug Isapi.ActiveCfg = Debug DLL|Win32
		{37C1C226-A2FF-4056-A1B6-2E10AF4AED0A}.Debug Isapi.Build.0 = Debug DLL|Win32
		{37C1C226-A2FF-4056-A1B6-2E10AF4AED0A}.Release.ActiveCfg = Release|Win32
		{37C1C226-A2FF-4056-A1B6-2E10AF4AED0A}.Release.Build.0 = Release|Win32
		{37C1C226-A2FF-4056-A1B6-2E10AF4AED0A}.Release Apache.ActiveCfg = Release DLL|Win32
		{37C1C226-A2FF-4056-A1B6-2E10AF4AED0A}.Release Apache.Build.0 = Release DLL|Win32
		{37C1C226-A2FF-4056-A1B6-2E10AF4AED0A}.Release DLL.ActiveCfg = Release DLL|Win32
		{37C1C226-A2FF-4056-A1B6-2E10AF4AED0A}.Release DLL.Build.0 = Release DLL|Win32
		{37C1C226-A2FF-4056-A1B6-2E10AF4AED0A}.Release Exe.ActiveCfg = Release DLL|Win32
		{37C1C226-A2FF-4056-A1B6-2E10AF4AED0A}.Release Exe.Build.0 = Release DLL|Win32
		{37C1C226-A2FF-4056-A1B6-2E10AF4AED0A}.Release Isapi.ActiveCfg = Release DLL|Win32
		{37C1C226-A2FF-4056-A1B6-2E10AF4AED0A}.Release Isapi.Build.0 = Release DLL|Win32
		{262F6067-0141-4C81-BC49-D2AB835B1D0B}.Debug.ActiveCfg = Debug|Win32
		{262F6067-0141-4C81-BC49-D2AB835B1D0B}.Debug.Build.0 = Debug|Win32
		{262F6067-0141-4C81-BC49-D2AB835B1D0B}.Debug Apache.ActiveCfg = Debug DLL|Win32
		{262F6067-0141-4C81-BC49-D2AB835B1D0B}.Debug Apache.Build.0 = Debug DLL|Win32
		{262F6067-0141-4C81-BC49-D2AB835B1D0B}.Debug DLL.ActiveCfg = Debug DLL|Win32
		{262F6067-0141-4C81-BC49-D2AB835B1D0B}.Debug DLL.Build.0 = Debug DLL|Win32
		{262F6067-0141-4C81-BC49-D2AB835B1D0B}.Debug Exe.ActiveCfg = Debug|Win32
		{262F6067-0141-4C81-BC49-D2AB835B1D0B}.Debug Exe.Build.0 = Debug|Win32
		{262F6067-0141-4C81-BC49-D2AB835B1D0B}.Debug Isapi.ActiveCfg = Debug DLL|Win32
		{262F6067-0141-4C81-BC49-D2AB835B1D0B}.Debug Isapi.Build.0 = Debug DLL|Win32
		{262F6067-0141-4C81-BC49-D2AB835B1D0B}.Release.ActiveCfg = Release|Win32
		{262F6067-0141-4C81-BC49-D2AB835B1D0B}.Release.Build.0 = Release|Win32
		{262F6067-0141-4C81-BC49-D2AB835B1D0B}.Release Apache.ActiveCfg = Release DLL|Win32
		{262F6067-0141-4C81-BC49-D2AB835B1D0B}.Release Apache.Build.0 = Release DLL|Win32
		{262F6067-0141-4C81-BC49-D2AB835B1D0B}.Release DLL.ActiveCfg = Release DLL|Win32
		{262F6067-0141-4C81-BC49-D2AB835B1D0B}.Release DLL.Build.0 = Release DLL|Win32
		{262F6067-0141-4C81-BC49-D2AB835B1D0B}.Release Exe.ActiveCfg = Release DLL|Win32
		{262F6067-0141-4C81-BC49-D2AB835B1D0B}.Release Exe.Build.0 = Release DLL|Win32
		{262F6067-0141-4C81-BC49-D2AB835B1D0B}.Release Isapi.ActiveCfg = Release DLL|Win32
		{262F6067-0141-4C81-BC49-D2AB835B1D0B}.Release Isapi.Build.0 = Release DLL|Win32
		{56C5F6BE-0180-42A9-A3CE-AB9897174138}.Debug.ActiveCfg = Debug|Win32
		{56C5F6BE-0180-42A9-A3CE-AB9897174138}.Debug.Build.0 = Debug|Win32
		{56C5F6BE-0180-42A9-A3CE-AB9897174138}.Debug Apache.ActiveCfg = Debug DLL|Win32
		{56C5F6BE-0180-42A9-A3CE-AB9897174138}.Debug Apache.Build.0 = Debug DLL|Win32
		{56C5F6BE-0180-42A9-A3CE-AB9897174138}.Debug DLL.ActiveCfg = Debug DLL|Win32
		{56C5F6BE-0180-42A9-A3CE-AB9897174138}.Debug DLL.Build.0 = Debug DLL|Win32
		{56C5F6BE-0180-42A9-A3CE-AB9897174138}.Debug Exe.ActiveCfg = Debug|Win32
		{56C5F6BE-0180-42A9-A3CE-AB9897174138}.Debug Exe.Build.0 = Debug|Win32
		{56C5F6BE-0180-42A9-A3CE-AB9897174138}.Debug Isapi.ActiveCfg = Debug DLL|Win32
		{56C5F6BE-0180-42A9-A3CE-AB9897174138}.Debug Isapi.Build.0 = Debug DLL|Win32
		{56C5F6BE-0180-42A9-A3CE-AB9897174138}.Release.ActiveCfg = Release|Win32
		{56C5F6BE-0180-42A9-A3CE-AB9897174138}.Release.Build.0 = Release|Win32
		{56C5F6BE-0180-42A9-A3CE-AB9897174138}.Release Apache.ActiveCfg = Release DLL|Win32
		{56C5F6BE-0180-42A9-A3CE-AB9897174138}.Release Apache.Build.0 = Release DLL|Win32
		{56C5F6BE-0180-42A9-A3CE-AB9897174138}.Release DLL.ActiveCfg = Release DLL|Win32
		{56C5F6BE-0180-42A9-A3CE-AB9897174138}.Release DLL.Build.0 = Release DLL|Win32
		{56C5F6BE-0180-42A9-A3CE-AB9897174138}.Release Exe.ActiveCfg = Release DLL|Win32
		{56C5F6BE-0180-42A9-A3CE-AB9897174138}.Release Exe.Build.0 = Release DLL|Win32
		{56C5F6BE-0180-42A9-A3CE-AB9897174138}.Release Isapi.ActiveCfg = Release DLL|Win32
		{56C5F6BE-0180-42A9-A3CE-AB9897174138}.Release Isapi.Build.0 = Release DLL|Win32
		{F9866D36-6B3D-4C73-8D07-4D23BA4B66F3}.Debug.ActiveCfg = Debug|Win32
		{F9866D36-6B3D-4C73-8D07-4D23BA4B66F3}.Debug.Build.0 = Debug|Win32
		{F9866D36-6B3D-4C73-8D07-4D23BA4B66F3}.Debug Apache.ActiveCfg = Debug DLL|Win32
		{F9866D36-6B3D-4C73-8D07-4D23BA4B66F3}.Debug Apache.Build.0 = Debug DLL|Win32
		{F9866D36-6B3D-4C73-8D07-4D23BA4B66F3}.Debug DLL.ActiveCfg = Debug DLL|Win32
		{F9866D36-6B3D-4C73-8D07-4D23BA4B66F3}.Debug DLL.Build.0 = Debug DLL|Win32
		{F9866D36-6B3D-4C73-8D07-4D23BA4B66F3}.Debug Exe.ActiveCfg = Debug|Win32
		{F9866D36-6B3D-4C73-8D07-4D23BA4B66F3}.Debug Exe.Build.0 = Debug|Win32
		{F9866D36-6B3D-4C73-8D07-4D23BA4B66F3}.Debug Isapi.ActiveCfg = Debug DLL|Win32
		{F9866D36-6B3D-4C73-8D07-4D23BA4B66F3}.Debug Isapi.Build.0 = Debug DLL|Win32
		{F9866D36-6B3D-4C73-8D07-4D23BA4B66F3}.Release.ActiveCfg = Release|Win32
		{F9866D36-6B3D-4C73-8D07-4D23BA4B66F3}.Release.Build.0 = Release|Win32
		{F9866D36-6B3D-4C73-8D07-4D23BA4B66F3}.Release Apache.ActiveCfg = Release DLL|Win32
		{F9866D36-6B3D-4C73-8D07-4D23BA4B66F3}.Release Apache.Build.0 = Release DLL|Win32
		{F9866D36-6B3D-4C73-8D07-4D23BA4B66F3}.Release DLL.ActiveCfg = Release DLL|Win32
		{F9866D36-6B3D-4C73-8D07-4D23BA4B66F3}.Release DLL.Build.0 = Release DLL|Win32
		{F9866D36-6B3D-4C73-8D07-4D23BA4B66F3}.Release Exe.ActiveCfg = Release DLL|Win32
		{F9866D36-6B3D-4C73-8D07-4D23BA4B66F3}.Release Exe.Build.0 = Release DLL|Win32
		{F9866D36-6B3D-4C73-8D07-4D23BA4B66F3}.Release Isapi.ActiveCfg = Release DLL|Win32
		{F9866D36-6B3D-4C73-8D07-4D23BA4B66F3}.Release Isapi.Build.0 = Release DLL|Win32
		{316919DC-4CA7-4BCF-A0C6-60D4A2DE8B16}.Debug.ActiveCfg = Debug|Win32
		{316919DC-4CA7-4BCF-A0C6-60D4A2DE8B16}.Debug.Build.0 = Debug|Win32
		{316919DC-4CA7-4BCF-A0C6-60D4A2DE8B16}.Debug Apache.ActiveCfg = Debug DLL|Win32
		{316919DC-4CA7-4BCF-A0C6-60D4A2DE8B16}.Debug Apache.Build.0 = Debug DLL|Win32
		{316919DC-4CA7-4BCF-A0C6-60D4A2DE8B16}.Debug DLL.ActiveCfg = Debug DLL|Win32
		{316919DC-4CA7-4BCF-A0C6-60D4A2DE8B16}.Debug DLL.Build.0 = Debug DLL|Win32
		{316919DC-4CA7-4BCF-A0C6-60D4A2DE8B16}.Debug Exe.ActiveCfg = Debug|Win32
		{316919DC-4CA7-4BCF-A0C6-60D4A2DE8B16}.Debug Exe.Build.0 = Debug|Win32
		{316919DC-4CA7-4BCF-A0C6-60D4A2DE8B16}.Debug Isapi.ActiveCfg = Debug DLL|Win32
		{316919DC-4CA7-4BCF-A0C6-60D4A2DE8B16}.Debug Isapi.Build.0 = Debug DLL|Win32
		{316919DC-4CA7-4BCF-A0C6-60D4A2DE8B16}.Release.ActiveCfg = Release|Win32
		{316919DC-4CA7-4BCF-A0C6-60D4A2DE8B16}.Release.Build.0 = Release|Win32
		{316919DC-4CA7-4BCF-A0C6-60D4A2DE8B16}.Release Apache.ActiveCfg = Release DLL|Win32
		{316919DC-4CA7-4BCF-A0C6-60D4A2DE8B16}.Release Apache.Build.0 = Release DLL|Win32
		{316919DC-4CA7-4BCF-A0C6-60D4A2DE8B16}.Release DLL.ActiveCfg = Release DLL|Win32
		{316919DC-4CA7-4BCF-A0C6-60D4A2DE8B16}.Release DLL.Build.0 = Release DLL|Win32
		{316919DC-4CA7-4BCF-A0C6-60D4A2DE8B16}.Release Exe.ActiveCfg = Release DLL|Win32
		{316919DC-4CA7-4BCF-A0C6-60D4A2DE8B16}.Release Exe.Build.0 = Release DLL|Win32
		{316919DC-4CA7-4BCF-A0C6-60D4A2DE8B16}.Release Isapi.ActiveCfg = Release DLL|Win32
		{316919DC-4CA7-4BCF-A0C6-60D4A2DE8B16}.Release Isapi.Build.0 = Release DLL|Win32
		{4E2487B0-4740-4367-8B5E-2102109D4173}.Debug.ActiveCfg = Debug|Win32
		{4E2487B0-4740-4367-8B5E-2102109D4173}.Debug.Build.0 = Debug|Win32
		{4E2487B0-4740-4367-8B5E-2102109D4173}.Debug Apache.ActiveCfg = Debug DLL|Win32
		{4E2487B0-4740-4367-8B5E-2102109D4173}.Debug Apache.Build.0 = Debug DLL|Win32
		{4E2487B0-4740-4367-8B5E-2102109D4173}.Debug DLL.ActiveCfg = Debug DLL|Win32
		{4E2487B0-4740-4367-8B5E-2102109D4173}.Debug DLL.Build.0 = Debug DLL|Win32
		{4E2487B0-4740-4367-8B5E-2102109D4173}.Debug Exe.ActiveCfg = Debug|Win32
		{4E2487B0-4740-4367-8B5E-2102109D4173}.Debug Exe.Build.0 = Debug|Win32
		{4E2487B0-4740-4367-8B5E-2102109D4173}.Debug Isapi.ActiveCfg = Debug DLL|Win32
		{4E2487B0-4740-4367-8B5E-2102109D4173}.Debug Isapi.Build.0 = Debug DLL|Win32
		{4E2487B0-4740-4367-8B5E-2102109D4173}.Release.ActiveCfg = Release|Win32
		{4E2487B0-4740-4367-8B5E-2102109D4173}.Release.Build.0 = Release|Win32
		{4E2487B0-4740-4367-8B5E-2102109D4173}.Release Apache.ActiveCfg = Release DLL|Win32
		{4E2487B0-4740-4367-8B5E-2102109D4173}.Release Apache.Build.0 = Release DLL|Win32
		{4E2487B0-4740-4367-8B5E-2102109D4173}.Release DLL.ActiveCfg = Release DLL|Win32
		{4E2487B0-4740-4367-8B5E-2102109D4173}.Release DLL.Build.0 = Release DLL|Win32
		{4E2487B0-4740-4367-8B5E-2102109D4173}.Release Exe.ActiveCfg = Release DLL|Win32
		{4E2487B0-4740-4367-8B5E-2102109D4173}.Release Exe.Build.0 = Release DLL|Win32
		{4E2487B0-4740-4367-8B5E-2102109D4173}.Release Isapi.ActiveCfg = Release DLL|Win32
		{4E2487B0-4740-4367-8B5E-2102109D4173}.Release Isapi.Build.0 = Release DLL|Win32
		{4A41FB9E-A616-4F56-9BDA-77F2BD90DD64}.Debug.ActiveCfg = Debug|Win32
		{4A41FB9E-A616-4F56-9BDA-77F2BD90DD64}.Debug.Build.0 = Debug|Win32
		{4A41FB9E-A616-4F56-9BDA-77F2BD90DD64}.Debug Apache.ActiveCfg = Debug DLL|Win32
		{4A41FB9E-A616-4F56-9BDA-77F2BD90DD64}.Debug Apache.Build.0 = Debug DLL|Win32
		{4A41FB9E-A616-4F56-9BDA-77F2BD90DD64}.Debug DLL.ActiveCfg = Debug DLL|Win32
		{4A41FB9E-A616-4F56-9BDA-77F2BD90DD64}.Debug DLL.Build.0 = Debug DLL|Win32
		{4A41FB9E-A616-4F56-9BDA-77F2BD90DD64}.Debug Exe.ActiveCfg = Debug|Win32
		{4A41FB9E-A616-4F56-9BDA-77F2BD90DD64}.Debug Exe.Build.0 = Debug|Win32
		{4A41FB9E-A616-4F56-9BDA-77F2BD90DD64}.Debug Isapi.ActiveCfg = Debug DLL|Win32
		{4A41FB9E-A616-4F56-9BDA-77F2BD90DD64}.Debug Isapi.Build.0 = Debug DLL|Win32
		{4A41FB9E-A616-4F56-9BDA-77F2BD90DD64}.Release.ActiveCfg = Release|Win32
		{4A41FB9E-A616-4F56-9BDA-77F2BD90DD64}.Release.Build.0 = Release|Win32
		{4A41FB9E-A616-4F56-9BDA-77F2BD90DD64}.Release Apache.ActiveCfg = Release DLL|Win32
		{4A41FB9E-A616-4F56-9BDA-77F2BD90DD64}.Release Apache.Build.0 = Release DLL|Win32
		{4A41FB9E-A616-4F56-9BDA-77F2BD90DD64}.Release DLL.ActiveCfg = Release DLL|Win32
		{4A41FB9E-A616-4F56-9BDA-77F2BD90DD64}.Release DLL.Build.0 = Release DLL|Win32
		{4A41FB9E-A616-4F56-9BDA-77F2BD90DD64}.Release Exe.ActiveCfg = Release DLL|Win32
		{4A41FB9E-A616-4F56-9BDA-77F2BD90DD64}.Release Exe.Build.0 = Release DLL|Win32
		{4A41FB9E-A616-4F56-9BDA-77F2BD90DD64}.Release Isapi.ActiveCfg = Release DLL|Win32
		{4A41FB9E-A616-4F56-9BDA-77F2BD90DD64}.Release Isapi.Build.0 = Release DLL|Win32
		{47858004-2C4A-4837-A453-DBD2345F150A}.Debug.ActiveCfg = Debug|Win32
		{47858004-2C4A-4837-A453-DBD2345F150A}.Debug.Build.0 = Debug|Win32
		{47858004-2C4A-4837-A453-DBD2345F150A}.Debug Apache.ActiveCfg = Debug DLL|Win32
		{47858004-2C4A-4837-A453-DBD2345F150A}.Debug Apache.Build.0 = Debug DLL|Win32
		{47858004-2C4A-4837-A453-DBD2345F150A}.Debug DLL.ActiveCfg = Debug DLL|Win32
		{47858004-2C4A-4837-A453-DBD2345F150A}.Debug DLL.Build.0 = Debug DLL|Win32
		{47858004-2C4A-4837-A453-DBD2345F150A}.Debug Exe.ActiveCfg = Debug|Win32
		{47858004-2C4A-4837-A453-DBD2345F150A}.Debug Exe.Build.0 = Debug|Win32
		{47858004-2C4A-4837-A453-DBD2345F150A}.Debug Isapi.ActiveCfg = Debug DLL|Win32
		{47858004-2C4A-4837-A453-DBD2345F150A}.Debug Isapi.Build.0 = Debug DLL|Win32
		{47858004-2C4A-4837-A453-DBD2345F150A}.Release.ActiveCfg = Release|Win32
		{47858004-2C4A-4837-A453-DBD2345F150A}.Release.Build.0 = Release|Win32
		{47858004-2C4A-4837-A453-DBD2345F150A}.Release Apache.ActiveCfg = Release DLL|Win32
		{47858004-2C4A-4837-A453-DBD2345F150A}.Release Apache.Build.0 = Release DLL|Win32
		{47858004-2C4A-4837-A453-DBD2345F150A}.Release DLL.ActiveCfg = Release DLL|Win32
		{47858004-2C4A-4837-A453-DBD2345F150A}.Release DLL.Build.0 = Release DLL|Win32
		{47858004-2C4A-4837-A453-DBD2345F150A}.Release Exe.ActiveCfg = Release DLL|Win32
		{47858004-2C4A-4837-A453-DBD2345F150A}.Release Exe.Build.0 = Release DLL|Win32
		{47858004-2C4A-4837-A453-DBD2345F150A}.Release Isapi.ActiveCfg = Release DLL|Win32
		{47858004-2C4A-4837-A453-DBD2345F150A}.Release Isapi.Build.0 = Release DLL|Win32
		{4386EC82-8309-439A-8594-E0A288CA2990}.Debug.ActiveCfg = Debug|Win32
		{4386EC82-8309-439A-8594-E0A288CA2990}.Debug.Build.0 = Debug|Win32
		{4386EC82-8309-439A-8594-E0A288CA2990}.Debug Apache.ActiveCfg = Debug DLL|Win32
		{4386EC82-8309-439A-8594-E0A288CA2990}.Debug Apache.Build.0 = Debug DLL|Win32
		{4386EC82-8309-439A-8594-E0A288CA2990}.Debug DLL.ActiveCfg = Debug DLL|Win32
		{4386EC82-8309-439A-8594-E0A288CA2990}.Debug DLL.Build.0 = Debug DLL|Win32
		{4386EC82-8309-439A-8594-E0A288CA2990}.Debug Exe.ActiveCfg = Debug|Win32
		{4386EC82-8309-439A-8594-E0A288CA2990}.Debug Exe.Build.0 = Debug|Win32
		{4386EC82-8309-439A-8594-E0A288CA2990}.Debug Isapi.ActiveCfg = Debug DLL|Win32
		{4386EC82-8309-439A-8594-E0A288CA2990}.Debug Isapi.Build.0 = Debug DLL|Win32
		{4386EC82-8309-439A-8594-E0A288CA2990}.Release.ActiveCfg = Release|Win32
		{4386EC82-8309-439A-8594-E0A288CA2990}.Release.Build.0 = Release|Win32
		{4386EC82-8309-439A-8594-E0A288CA2990}.Release Apache.ActiveCfg = Release DLL|Win32
		{4386EC82-8309-439A-8594-E0A288CA2990}.Release Apache.Build.0 = Release DLL|Win32
		{4386EC82-8309-439A-8594-E0A288CA2990}.Release DLL.ActiveCfg = Release DLL|Win32
		{4386EC82-8309-439A-8594-E0A288CA2990}.Release DLL.Build.0 = Release DLL|Win32
		{4386EC82-8309-439A-8594-E0A288CA2990}.Release Exe.ActiveCfg = Release DLL|Win32
		{4386EC82-8309-439A-8594-E0A288CA2990}.Release Exe.Build.0 = Release DLL|Win32
		{4386EC82-8309-439A-8594-E0A288CA2990}.Release Isapi.ActiveCfg = Release DLL|Win32
		{4386EC82-8309-439A-8594-E0A288CA2990}.Release Isapi.Build.0 = Release DLL|Win32
		{70289D3A-4B4C-40BD-9BB4-E512AE717208}.Debug.ActiveCfg = Debug|Win32
		{70289D3A-4B4C-40BD-9BB4-E512AE717208}.Debug.Build.0 = Debug|Win32
		{70289D3A-4B4C-40BD-9BB4-E512AE717208}.Debug Apache.ActiveCfg = Debug DLL|Win32
		{70289D3A-4B4C-40BD-9BB4-E512AE717208}.Debug Apache.Build.0 = Debug DLL|Win32
		{70289D3A-4B4C-40BD-9BB4-E512AE717208}.Debug DLL.ActiveCfg = Debug DLL|Win32
		{70289D3A-4B4C-40BD-9BB4-E512AE717208}.Debug DLL.Build.0 = Debug DLL|Win32
		{70289D3A-4B4C-40BD-9BB4-E512AE717208}.Debug Exe.ActiveCfg = Debug|Win32
		{70289D3A-4B4C-40BD-9BB4-E512AE717208}.Debug Exe.Build.0 = Debug|Win32
		{70289D3A-4B4C-40BD-9BB4-E512AE717208}.Debug Isapi.ActiveCfg = Debug DLL|Win32
		{70289D3A-4B4C-40BD-9BB4-E512AE717208}.Debug Isapi.Build.0 = Debug DLL|Win32
		{70289D3A-4B4C-40BD-9BB4-E512AE717208}.Release.ActiveCfg = Release|Win32
		{70289D3A-4B4C-40BD-9BB4-E512AE717208}.Release.Build.0 = Release|Win32
		{70289D3A-4B4C-40BD-9BB4-E512AE717208}.Release Apache.ActiveCfg = Release DLL|Win32
		{70289D3A-4B4C-40BD-9BB4-E512AE717208}.Release Apache.Build.0 = Release DLL|Win32
		{70289D3A-4B4C-40BD-9BB4-E512AE717208}.Release DLL.ActiveCfg = Release DLL|Win32
		{70289D3A-4B4C-40BD-9BB4-E512AE717208}.Release DLL.Build.0 = Release DLL|Win32
		{70289D3A-4B4C-40BD-9BB4-E512AE717208}.Release Exe.ActiveCfg = Release DLL|Win32
		{70289D3A-4B4C-40BD-9BB4-E512AE717208}.Release Exe.Build.0 = Release DLL|Win32
		{70289D3A-4B4C-40BD-9BB4-E512AE717208}.Release Isapi.ActiveCfg = Release DLL|Win32
		{70289D3A-4B4C-40BD-9BB4-E512AE717208}.Release Isapi.Build.0 = Release DLL|Win32
		{2845A6DF-D359-40F3-988D-80998D61806B}.Debug.ActiveCfg = Debug|Win32
		{2845A6DF-D359-40F3-988D-80998D61806B}.Debug.Build.0 = Debug|Win32
		{2845A6DF-D359-40F3-988D-80998D61806B}.Debug Apache.ActiveCfg = Debug DLL|Win32
		{2845A6DF-D359-40F3-988D-80998D61806B}.Debug Apache.Build.0 = Debug DLL|Win32
		{2845A6DF-D359-40F3-988D-80998D61806B}.Debug DLL.ActiveCfg = Debug DLL|Win32
		{2845A6DF-D359-40F3-988D-80998D61806B}.Debug DLL.Build.0 = Debug DLL|Win32
		{2845A6DF-D359-40F3-988D-80998D61806B}.Debug Exe.ActiveCfg = Debug|Win32
		{2845A6DF-D359-40F3-988D-80998D61806B}.Debug Exe.Build.0 = Debug|Win32
		{2845A6DF-D359-40F3-988D-80998D61806B}.Debug Isapi.ActiveCfg = Debug DLL|Win32
		{2845A6DF-D359-40F3-988D-80998D61806B}.Debug Isapi.Build.0 = Debug DLL|Win32
		{2845A6DF-D359-40F3-988D-80998D61806B}.Release.ActiveCfg = Release|Win32
		{2845A6DF-D359-40F3-988D-80998D61806B}.Release.Build.0 = Release|Win32
		{2845A6DF-D359-40F3-988D-80998D61806B}.Release Apache.ActiveCfg = Release DLL|Win32
		{2845A6DF-D359-40F3-988D-80998D61806B}.Release Apache.Build.0 = Release DLL|Win32
		{2845A6DF-D359-40F3-988D-80998D61806B}.Release DLL.ActiveCfg = Release DLL|Win32
		{2845A6DF-D359-40F3-988D-80998D61806B}.Release DLL.Build.0 = Release DLL|Win32
		{2845A6DF-D359-40F3-988D-80998D61806B}.Release Exe.ActiveCfg = Release DLL|Win32
		{2845A6DF-D359-40F3-988D-80998D61806B}.Release Exe.Build.0 = Release DLL|Win32
		{2845A6DF-D359-40F3-988D-80998D61806B}.Release Isapi.ActiveCfg = Release DLL|Win32
		{2845A6DF-D359-40F3-988D-80998D61806B}.Release Isapi.Build.0 = Release DLL|Win32
		{4E5F61EC-05E6-4223-B2DC-1070C3DF8354}.Debug.ActiveCfg = Debug|Win32
		{4E5F61EC-05E6-4223-B2DC-1070C3DF8354}.Debug.Build.0 = Debug|Win32
		{4E5F61EC-05E6-4223-B2DC-1070C3DF8354}.Debug Apache.ActiveCfg = Debug DLL|Win32
		{4E5F61EC-05E6-4223-B2DC-1070C3DF8354}.Debug Apache.Build.0 = Debug DLL|Win32
		{4E5F61EC-05E6-4223-B2DC-1070C3DF8354}.Debug DLL.ActiveCfg = Debug DLL|Win32
		{4E5F61EC-05E6-4223-B2DC-1070C3DF8354}.Debug DLL.Build.0 = Debug DLL|Win32
		{4E5F61EC-05E6-4223-B2DC-1070C3DF8354}.Debug Exe.ActiveCfg = Debug|Win32
		{4E5F61EC-05E6-4223-B2DC-1070C3DF8354}.Debug Exe.Build.0 = Debug|Win32
		{4E5F61EC-05E6-4223-B2DC-1070C3DF8354}.Debug Isapi.ActiveCfg = Debug DLL|Win32
		{4E5F61EC-05E6-4223-B2DC-1070C3DF8354}.Debug Isapi.Build.0 = Debug DLL|Win32
		{4E5F61EC-05E6-4223-B2DC-1070C3DF8354}.Release.ActiveCfg = Release|Win32
		{4E5F61EC-05E6-4223-B2DC-1070C3DF8354}.Release.Build.0 = Release|Win32
		{4E5F61EC-05E6-4223-B2DC-1070C3DF8354}.Release Apache.ActiveCfg = Release DLL|Win32
		{4E5F61EC-05E6-4223-B2DC-1070C3DF8354}.Release Apache.Build.0 = Release DLL|Win32
		{4E5F61EC-05E6-4223-B2DC-1070C3DF8354}.Release DLL.ActiveCfg = Release DLL|Win32
		{4E5F61EC-05E6-4223-B2DC-1070C3DF8354}.Release DLL.Build.0 = Release DLL|Win32
		{4E5F61EC-05E6-4223-B2DC-1070C3DF8354}.Release Exe.ActiveCfg = Release DLL|Win32
		{4E5F61EC-05E6-4223-B2DC-1070C3DF8354}.Release Exe.Build.0 = Release DLL|Win32
		{4E5F61EC-05E6-4223-B2DC-1070C3DF8354}.Release Isapi.ActiveCfg = Release DLL|Win32
		{4E5F61EC-05E6-4223-B2DC-1070C3DF8354}.Release Isapi.Build.0 = Release DLL|Win32
		{7162C94F-6042-4D14-AA79-2E43F582FAFC}.Debug.ActiveCfg = Debug Exe|Win32
		{7162C94F-6042-4D14-AA79-2E43F582FAFC}.Debug.Build.0 = Debug Exe|Win32
		{7162C94F-6042-4D14-AA79-2E43F582FAFC}.Debug Apache.ActiveCfg = Debug Apache|Win32
		{7162C94F-6042-4D14-AA79-2E43F582FAFC}.Debug Apache.Build.0 = Debug Apache|Win32
		{7162C94F-6042-4D14-AA79-2E43F582FAFC}.Debug DLL.ActiveCfg = Debug Exe|Win32
		{7162C94F-6042-4D14-AA79-2E43F582FAFC}.Debug DLL.Build.0 = Debug Exe|Win32
		{7162C94F-6042-4D14-AA79-2E43F582FAFC}.Debug Exe.ActiveCfg = Debug Exe|Win32
		{7162C94F-6042-4D14-AA79-2E43F582FAFC}.Debug Exe.Build.0 = Debug Exe|Win32
		{7162C94F-6042-4D14-AA79-2E43F582FAFC}.Debug Isapi.ActiveCfg = Debug Isapi|Win32
		{7162C94F-6042-4D14-AA79-2E43F582FAFC}.Debug Isapi.Build.0 = Debug Isapi|Win32
		{7162C94F-6042-4D14-AA79-2E43F582FAFC}.Release.ActiveCfg = Release Exe|Win32
		{7162C94F-6042-4D14-AA79-2E43F582FAFC}.Release.Build.0 = Release Exe|Win32
		{7162C94F-6042-4D14-AA79-2E43F582FAFC}.Release Apache.ActiveCfg = Release Apache|Win32
		{7162C94F-6042-4D14-AA79-2E43F582FAFC}.Release Apache.Build.0 = Release Apache|Win32
		{7162C94F-6042-4D14-AA79-2E43F582FAFC}.Release DLL.ActiveCfg = Release Exe|Win32
		{7162C94F-6042-4D14-AA79-2E43F582FAFC}.Release DLL.Build.0 = Release Exe|Win32
		{7162C94F-6042-4D14-AA79-2E43F582FAFC}.Release Exe.ActiveCfg = Release Exe|Win32
		{7162C94F-6042-4D14-AA79-2E43F582FAFC}.Release Exe.Build.0 = Release Exe|Win32
		{7162C94F-6042-4D14-AA79-2E43F582FAFC}.Release Isapi.ActiveCfg = Release Isapi|Win32
		{7162C94F-6042-4D14-AA79-2E43F582FAFC}.Release Isapi.Build.0 = Release Isapi|Win32
	EndGlobalSection
	GlobalSection(ExtensibilityGlobals) = postSolution
	EndGlobalSection
	GlobalSection(ExtensibilityAddIns) = postSolution
	EndGlobalSection
EndGlobal
